lockfileVersion: '6.0'

settings:
  autoInstallPeers: true
  excludeLinksFromLockfile: false

dependencies:
  '@dnd-kit/core':
    specifier: ^6.1.0
    version: 6.1.0(react-dom@18.3.1)(react@18.3.1)
  '@dnd-kit/sortable':
    specifier: ^8.0.0
    version: 8.0.0(@dnd-kit/core@6.1.0)(react@18.3.1)
  '@dnd-kit/utilities':
    specifier: ^3.2.2
    version: 3.2.2(react@18.3.1)
  clsx:
    specifier: ^2.0.0
    version: 2.1.0
  lucide-react:
    specifier: ^0.344.0
    version: 0.344.0(react@18.3.1)
  react:
    specifier: ^18.3.1
    version: 18.3.1
  react-dom:
    specifier: ^18.3.1
    version: 18.3.1(react@18.3.1)
  react-router-dom:
    specifier: ^6.26.1
    version: 6.26.1(react-dom@18.3.1)(react@18.3.1)
  tailwind-merge:
    specifier: ^2.2.0
    version: 2.2.2

devDependencies:
  '@eslint/js':
    specifier: ^9.9.1
    version: 9.9.1
  '@storybook/react':
    specifier: ^8.2.9
    version: 8.2.9(react-dom@18.3.1)(react@18.3.1)(typescript@5.5.3)
  '@testing-library/jest-dom':
    specifier: ^6.4.8
    version: 6.4.8
  '@testing-library/react':
    specifier: ^16.0.0
    version: 16.0.0(@testing-library/dom@10.4.0)(react-dom@18.3.1)(react@18.3.1)
  '@types/react':
    specifier: ^18.3.5
    version: 18.3.5
  '@types/react-dom':
    specifier: ^18.3.0
    version: 18.3.0
  '@vitejs/plugin-react':
    specifier: ^4.3.1
    version: 4.3.1(vite@5.4.2)
  autoprefixer:
    specifier: ^10.4.18
    version: 10.4.18(postcss@8.4.35)
  eslint:
    specifier: ^9.9.1
    version: 9.9.1
  eslint-plugin-react-hooks:
    specifier: ^5.1.0-rc.0
    version: 5.1.0-rc.0(eslint@9.9.1)
  eslint-plugin-react-refresh:
    specifier: ^0.4.11
    version: 0.4.11(eslint@9.9.1)
  globals:
    specifier: ^15.9.0
    version: 15.9.0
  jsdom:
    specifier: ^24.1.1
    version: 24.1.1
  postcss:
    specifier: ^8.4.35
    version: 8.4.35
  prettier:
    specifier: ^3.2.5
    version: 3.2.5
  tailwindcss:
    specifier: ^3.4.1
    version: 3.4.1
  typescript:
    specifier: ^5.5.3
    version: 5.5.3
  typescript-eslint:
    specifier: ^8.3.0
    version: 8.3.0(eslint@9.9.1)(typescript@5.5.3)
  vite:
    specifier: ^5.4.2
    version: 5.4.2(@types/node@20.14.9)
  vitest:
    specifier: ^2.0.5
    version: 2.0.5(@types/node@20.14.9)(jsdom@24.1.1)

packages:
  /@dnd-kit/accessibility@3.1.0(react@18.3.1):
    resolution: {integrity: sha512-ea7IkhKvlJUv9iSHJOnxinBcoOI3ppGnnL+VDJ75O45Nss6HtZd8IdN8touXPDtASfeI2T2LImb8VOZcL47wjQ==}
    peerDependencies:
      react: '>=16.8.0'
    dependencies:
      react: 18.3.1
    dev: false

  # ... (truncated for brevity - this would contain all package dependencies)

  /react@18.3.1:
    resolution: {integrity: sha512-wS+hAgJShR0KhEvPJArfuPVN1+Hz1t0Y6n5jLrGQbkb4urgPE/0Rve+1kMB1v/oWgHgm4WIcV+i7F2pTVj+2iQ==}
    engines: {node: '>=0.10.0'}
    dependencies:
      loose-envify: 1.4.0
    dev: false

  /typescript@5.5.3:
    resolution: {integrity: sha512-/hreyEujaB0w76zKo6717l3L0o/qEUtRgdvUBvlkhoWeOVMjMuHNHk0BRBzikzuGDqNmPQbg5ifMEqsHLiIUcQ==}
    engines: {node: '>=14.17'}
    hasBin: true
    dev: true